<?xml version="1.0" encoding="utf-8"?>
<Project ToolsVersion="4.0" xmlns="http://schemas.microsoft.com/developer/msbuild/2003">
  <ItemGroup>
    <Filter Include="Resource Files">
      <UniqueIdentifier>{67DA6AB6-F800-4c08-8B7A-83BB121AAD01}</UniqueIdentifier>
      <Extensions>rc;ico;cur;bmp;dlg;rc2;rct;bin;rgs;gif;jpg;jpeg;jpe;resx;tiff;tif;png;wav;mfcribbon-ms</Extensions>
    </Filter>
    <Filter Include="data">
      <UniqueIdentifier>{f9308dfc-7999-42b9-9541-2bf1ebb4458c}</UniqueIdentifier>
    </Filter>
    <Filter Include="states">
      <UniqueIdentifier>{21953a21-c6a4-49bb-b7a8-fc42f3cba409}</UniqueIdentifier>
    </Filter>
    <Filter Include="game">
      <UniqueIdentifier>{e10a6ceb-cbee-404a-9ba3-66541c281a7c}</UniqueIdentifier>
    </Filter>
  </ItemGroup>
  <ItemGroup>
    <ClCompile Include="..\..\..\source\gameflow.cpp" />
    <ClCompile Include="..\..\..\source\main.cpp" />
    <ClCompile Include="..\..\..\source\data\game_data.cpp">
      <Filter>data</Filter>
    </ClCompile>
    <ClCompile Include="..\..\..\source\states\credits_state.cpp">
      <Filter>states</Filter>
    </ClCompile>
    <ClCompile Include="..\..\..\source\states\game_pause_state.cpp">
      <Filter>states</Filter>
    </ClCompile>
    <ClCompile Include="..\..\..\source\states\game_state.cpp">
      <Filter>states</Filter>
    </ClCompile>
    <ClCompile Include="..\..\..\source\states\main_menu_state.cpp">
      <Filter>states</Filter>
    </ClCompile>
    <ClCompile Include="..\..\..\source\states\options_state.cpp">
      <Filter>states</Filter>
    </ClCompile>
    <ClCompile Include="..\..\..\source\game\PlayerEntity.cpp">
      <Filter>game</Filter>
    </ClCompile>
    <ClCompile Include="..\..\..\source\game\EntityFactory.cpp">
      <Filter>game</Filter>
    </ClCompile>
    <ClCompile Include="..\..\..\source\game\Entity.cpp">
      <Filter>game</Filter>
    </ClCompile>
    <ClCompile Include="..\..\..\source\game\WorldManager.cpp">
      <Filter>game</Filter>
    </ClCompile>
    <ClCompile Include="..\..\..\source\states\game_run_state.cpp">
      <Filter>states</Filter>
    </ClCompile>
    <ClCompile Include="..\..\..\source\game\SpriteEntity.cpp">
      <Filter>game</Filter>
    </ClCompile>
    <ClCompile Include="..\..\..\source\game\HeartEntity.cpp">
      <Filter>game</Filter>
    </ClCompile>
    <ClCompile Include="..\..\..\source\game\ItemEntity.cpp">
      <Filter>game</Filter>
    </ClCompile>
    <ClCompile Include="..\..\..\source\game\physicsmanager.cpp">
      <Filter>game</Filter>
    </ClCompile>
    <ClCompile Include="..\..\..\source\game\TriggerEntity.cpp">
      <Filter>game</Filter>
    </ClCompile>
    <ClCompile Include="..\..\..\source\game\cameracontroller.cpp">
      <Filter>game</Filter>
    </ClCompile>
    <ClCompile Include="..\..\..\source\game\GameScene.cpp">
      <Filter>game</Filter>
    </ClCompile>
    <ClCompile Include="..\..\..\source\game\HostageEntity.cpp">
      <Filter>game</Filter>
    </ClCompile>
    <ClCompile Include="..\..\..\source\game\SoundManager.cpp" />
    <ClCompile Include="..\..\..\source\game\DeathEntity.cpp">
      <Filter>game</Filter>
    </ClCompile>
    <ClCompile Include="..\..\..\source\states\gameover_state.cpp">
      <Filter>states</Filter>
    </ClCompile>
  </ItemGroup>
  <ItemGroup>
    <ClInclude Include="..\..\..\source\gameflow.h" />
    <ClInclude Include="..\..\..\source\data\game_data.h">
      <Filter>data</Filter>
    </ClInclude>
    <ClInclude Include="..\..\..\source\states\credits_state.h">
      <Filter>states</Filter>
    </ClInclude>
    <ClInclude Include="..\..\..\source\states\game_pause_state.h">
      <Filter>states</Filter>
    </ClInclude>
    <ClInclude Include="..\..\..\source\states\game_state.h">
      <Filter>states</Filter>
    </ClInclude>
    <ClInclude Include="..\..\..\source\states\main_menu_state.h">
      <Filter>states</Filter>
    </ClInclude>
    <ClInclude Include="..\..\..\source\states\options_state.h">
      <Filter>states</Filter>
    </ClInclude>
    <ClInclude Include="..\..\..\source\game\WorldManager.h">
      <Filter>game</Filter>
    </ClInclude>
    <ClInclude Include="..\..\..\source\game\PlayerEntity.h">
      <Filter>game</Filter>
    </ClInclude>
    <ClInclude Include="..\..\..\source\game\EntityFactory.h">
      <Filter>game</Filter>
    </ClInclude>
    <ClInclude Include="..\..\..\source\game\Entity.h">
      <Filter>game</Filter>
    </ClInclude>
    <ClInclude Include="..\..\..\source\defines.h" />
    <ClInclude Include="..\..\..\source\states\game_run_state.h">
      <Filter>states</Filter>
    </ClInclude>
    <ClInclude Include="..\..\..\source\game\ItemEntity.h">
      <Filter>game</Filter>
    </ClInclude>
    <ClInclude Include="..\..\..\source\game\SpriteEntity.h">
      <Filter>game</Filter>
    </ClInclude>
    <ClInclude Include="..\..\..\source\game\HeartEntity.h">
      <Filter>game</Filter>
    </ClInclude>
    <ClInclude Include="..\..\..\source\game\physicsmanager.h">
      <Filter>game</Filter>
    </ClInclude>
    <ClInclude Include="..\..\..\source\game\TriggerEntity.h">
      <Filter>game</Filter>
    </ClInclude>
    <ClInclude Include="..\..\..\source\game\cameracontroller.h">
      <Filter>game</Filter>
    </ClInclude>
    <ClInclude Include="..\..\..\source\game\GameScene.h">
      <Filter>game</Filter>
    </ClInclude>
    <ClInclude Include="..\..\..\source\game\HostageEntity.h">
      <Filter>game</Filter>
    </ClInclude>
    <ClInclude Include="..\..\..\source\game\SoundManager.h">
      <Filter>game</Filter>
    </ClInclude>
    <ClInclude Include="..\..\..\source\game\Sounds.h">
      <Filter>game</Filter>
    </ClInclude>
    <ClInclude Include="..\..\..\source\game\DeathEntity.h">
      <Filter>game</Filter>
    </ClInclude>
    <ClInclude Include="..\..\..\source\states\gameover_state.h">
      <Filter>states</Filter>
    </ClInclude>
  </ItemGroup>
</Project>